{"1.2.0",
[{<<"amqp_client">>,{pkg,<<"amqp_client">>,<<"3.9.11">>},0},
 {<<"credentials_obfuscation">>,
  {pkg,<<"credentials_obfuscation">>,<<"2.4.0">>},
  2},
 {<<"entropy_string">>,
  {git,"https://github.com/EntropyString/Erlang.git",
       {ref,"e51dde053fe1cfe88256c84921e9b3d51c9942d7"}},
  0},
 {<<"epgsql">>,{pkg,<<"epgsql">>,<<"4.6.0">>},0},
 {<<"eql">>,{pkg,<<"eql">>,<<"0.2.0">>},0},
 {<<"fs">>,{pkg,<<"fs">>,<<"6.1.1">>},1},
 {<<"jsx">>,{pkg,<<"jsx">>,<<"3.1.0">>},2},
 {<<"rabbit_common">>,{pkg,<<"rabbit_common">>,<<"3.9.11">>},1},
 {<<"recon">>,{pkg,<<"recon">>,<<"2.5.1">>},2},
 {<<"sync">>,{pkg,<<"sync">>,<<"0.2.0">>},0}]}.
[
{pkg_hash,[
 {<<"amqp_client">>, <<"4EBE8040BE3EE195E42BB483D37CD64FAF3C306201DC22A3F5CCE2A91A9E562E">>},
 {<<"credentials_obfuscation">>, <<"9FB57683B84899CA3546B384E59AB5D3054A9F334EBA50D74C82CD0AE82DD6CA">>},
 {<<"epgsql">>, <<"A403534D03811C867E79405BB18D6061A5FCEF92ACF0236A9150AC93748CE143">>},
 {<<"eql">>, <<"598ABC19A1CF6AFB8EF89FFEA869F43BAEBB1CEC3260DD5065112FEE7D8CE3E2">>},
 {<<"fs">>, <<"9D147B944D60CFA48A349F12D06C8EE71128F610C90870BDF9A6773206452ED0">>},
 {<<"jsx">>, <<"D12516BAA0BB23A59BB35DCCAF02A1BD08243FCBB9EFE24F2D9D056CCFF71268">>},
 {<<"rabbit_common">>, <<"25DF900B1AEC7357C90253CC4528B43C5FF064F27C8C627707B747AE986EBF77">>},
 {<<"recon">>, <<"430FFA60685AC1EFDFB1FE4C97B8767C92D0D92E6E7C3E8621559BA77598678A">>},
 {<<"sync">>, <<"0F9A488CCDDEA1F6D4010A220C5FCEAF229EF2C4CB37890D9A384464769F50D3">>}]},
{pkg_hash_ext,[
 {<<"amqp_client">>, <<"CDD74BC8E9D5E8610975009DCAE1293BDF7198EE6D8315A1FFB5055467010520">>},
 {<<"credentials_obfuscation">>, <<"D28A89830E30698B075DE9A4DBE683A20685C6BED1E3B7DF744A0C06E6FF200A">>},
 {<<"epgsql">>, <<"6BE4910A02551F21EAB6F6F27D97B0D4B1DFFC617F1A64C8C95FDD45652FA9E1">>},
 {<<"eql">>, <<"513BE6B36EE86E8292B2B7475C257ABB66CED5AAD40CBF7AD21E233D0A3BF51D">>},
 {<<"fs">>, <<"EF94E95FFE79916860649FED80AC62B04C322B0BB70F5128144C026B4D171F8B">>},
 {<<"jsx">>, <<"0C5CC8FDC11B53CC25CF65AC6705AD39E54ECC56D1C22E4ADB8F5A53FB9427F3">>},
 {<<"rabbit_common">>, <<"1BCAC63760A0BF0E55D7D3C2FF36ED2310E0B560BD110A5A2D602D76D9C08E1A">>},
 {<<"recon">>, <<"5721C6B6D50122D8F68CCCAC712CAA1231F97894BAB779EFF5FF0F886CB44648">>},
 {<<"sync">>, <<"13D922B9719B491C39A0DCB0717640FD3027C9C84D6A53A28C1EE24B3A128350">>}]}
].
